<?xml version="1.0" encoding="utf-8"?>
<Project ToolsVersion="4.0" xmlns="http://schemas.microsoft.com/developer/msbuild/2003">
  <ItemGroup>
    <ClCompile Include="$(MSBuildThisFileDirectory)chakra\wabtapi.cc" />
    <ClCompile Include="$(MSBuildThisFileDirectory)src\apply-names.cc" />
    <ClCompile Include="$(MSBuildThisFileDirectory)src\binary-error-handler.cc" />
    <ClCompile Include="$(MSBuildThisFileDirectory)src\binary-reader-ir.cc" />
    <ClCompile Include="$(MSBuildThisFileDirectory)src\binary-reader-logging.cc" />
    <ClCompile Include="$(MSBuildThisFileDirectory)src\binary-reader-objdump.cc" />
    <ClCompile Include="$(MSBuildThisFileDirectory)src\binary-reader-opcnt.cc" />
    <ClCompile Include="$(MSBuildThisFileDirectory)src\binary-reader.cc" />
    <ClCompile Include="$(MSBuildThisFileDirectory)src\binary-writer-spec.cc" />
    <ClCompile Include="$(MSBuildThisFileDirectory)src\binary-writer.cc" />
    <ClCompile Include="$(MSBuildThisFileDirectory)src\binary.cc" />
    <ClCompile Include="$(MSBuildThisFileDirectory)src\binding-hash.cc" />
    <ClCompile Include="$(MSBuildThisFileDirectory)src\common.cc" />
    <ClCompile Include="$(MSBuildThisFileDirectory)src\config.cc" />
    <ClCompile Include="$(MSBuildThisFileDirectory)src\emscripten-helpers.cc" />
    <ClCompile Include="$(MSBuildThisFileDirectory)src\expr-visitor.cc" />
    <ClCompile Include="$(MSBuildThisFileDirectory)src\generate-names.cc" />
    <ClCompile Include="$(MSBuildThisFileDirectory)src\hash-util.cc" />
    <ClCompile Include="$(MSBuildThisFileDirectory)src\ir.cc" />
    <ClCompile Include="$(MSBuildThisFileDirectory)src\lexer-source-line-finder.cc" />
    <ClCompile Include="$(MSBuildThisFileDirectory)src\lexer-source.cc" />
    <ClCompile Include="$(MSBuildThisFileDirectory)src\literal.cc" />
    <ClCompile Include="$(MSBuildThisFileDirectory)src\opcode.cc" />
    <ClCompile Include="$(MSBuildThisFileDirectory)src\option-parser.cc" />
    <ClCompile Include="$(MSBuildThisFileDirectory)src\prebuilt\wast-lexer-gen.cc" />
    <ClCompile Include="$(MSBuildThisFileDirectory)src\prebuilt\wast-parser-gen.cc" />
    <ClCompile Include="$(MSBuildThisFileDirectory)src\resolve-names.cc" />
    <ClCompile Include="$(MSBuildThisFileDirectory)src\source-error-handler.cc" />
    <ClCompile Include="$(MSBuildThisFileDirectory)src\stream.cc" />
    <ClCompile Include="$(MSBuildThisFileDirectory)src\string-view.cc" />
    <ClCompile Include="$(MSBuildThisFileDirectory)src\type-checker.cc" />
    <ClCompile Include="$(MSBuildThisFileDirectory)src\utf8.cc" />
    <ClCompile Include="$(MSBuildThisFileDirectory)src\validator.cc" />
    <ClCompile Include="$(MSBuildThisFileDirectory)src\wast-parser-lexer-shared.cc" />
    <ClCompile Include="$(MSBuildThisFileDirectory)src\wat-writer.cc" />
    <ClCompile Include="$(MSBuildThisFileDirectory)src\writer.cc" />
  </ItemGroup>
  <ItemGroup>
    <ClInclude Include="chakra\wabtapi.h" />
    <ClInclude Include="chakra\windows\config.h" />
    <ClInclude Include="src\apply-names.h" />
    <ClInclude Include="src\binary-error-handler.h" />
    <ClInclude Include="src\binary-reader-ir.h" />
    <ClInclude Include="src\binary-reader-logging.h" />
    <ClInclude Include="src\binary-reader-nop.h" />
    <ClInclude Include="src\binary-reader-objdump.h" />
    <ClInclude Include="src\binary-reader-opcnt.h" />
    <ClInclude Include="src\binary-reader.h" />
    <ClInclude Include="src\binary-writer-spec.h" />
    <ClInclude Include="src\binary-writer.h" />
    <ClInclude Include="src\binary.h" />
    <ClInclude Include="src\binding-hash.h" />
    <ClInclude Include="src\common.h" />
    <ClInclude Include="src\expr-visitor.h" />
    <ClInclude Include="src\generate-names.h" />
    <ClInclude Include="src\hash-util.h" />
    <ClInclude Include="src\ir.h" />
    <ClInclude Include="src\lexer-source-line-finder.h" />
    <ClInclude Include="src\lexer-source.h" />
    <ClInclude Include="src\literal.h" />
    <ClInclude Include="src\opcode.def" />
    <ClInclude Include="src\opcode.h" />
    <ClInclude Include="src\option-parser.h" />
    <ClInclude Include="src\prebuilt\wast-parser-gen.hh" />
    <ClInclude Include="src\range.h" />
    <ClInclude Include="src\resolve-names.h" />
    <ClInclude Include="src\source-error-handler.h" />
    <ClInclude Include="src\stream.h" />
    <ClInclude Include="src\string-view.h" />
    <ClInclude Include="src\type-checker.h" />
    <ClInclude Include="src\utf8.h" />
    <ClInclude Include="src\validator.h" />
    <ClInclude Include="src\wasm-link.h" />
    <ClInclude Include="src\wast-lexer.h" />
    <ClInclude Include="src\wast-parser-lexer-shared.h" />
    <ClInclude Include="src\wast-parser.h" />
    <ClInclude Include="src\wat-writer.h" />
    <ClInclude Include="src\writer.h" />
  </ItemGroup>
</Project>