<?xml version="1.0" encoding="utf-8"?>
<Project ToolsVersion="4.0" xmlns="http://schemas.microsoft.com/developer/msbuild/2003">
  <ItemGroup>
    <ClInclude Include="WasmParseTree.h" />
    <ClInclude Include="WasmFunctionInfo.h" />
    <ClInclude Include="WasmReader.h" />
    <ClInclude Include="WasmReaderPch.h" />
    <ClInclude Include="WasmBytecodeGenerator.h" />
    <ClInclude Include="WasmBinaryReader.h" />
    <ClInclude Include="WasmBinaryOpcodes.h" />
    <ClInclude Include="WasmSignature.h" />
    <ClInclude Include="WasmSections.h" />
    <ClInclude Include="WasmSection.h" />
    <ClInclude Include="WasmDataSegment.h" />
    <ClInclude Include="WasmElementSegment.h" />
    <ClInclude Include="WasmGlobal.h" />
    <ClInclude Include="WasmReaderBase.h" />
    <ClInclude Include="WasmCustomReader.h" />
    <ClInclude Include="EmptyWasmByteCodeWriter.h" />
    <ClInclude Include="WasmLimits.h" />
  </ItemGroup>
  <ItemGroup>
    <ClCompile Include="$(MSBuildThisFileDirectory)WasmBytecodeGenerator.cpp" />
    <ClCompile Include="$(MSBuildThisFileDirectory)WasmDataSegment.cpp" />
    <ClCompile Include="$(MSBuildThisFileDirectory)WasmElementSegment.cpp" />
    <ClCompile Include="$(MSBuildThisFileDirectory)WasmFunctionInfo.cpp" />
    <ClCompile Include="$(MSBuildThisFileDirectory)WasmBinaryReader.cpp" />
    <ClCompile Include="$(MSBuildThisFileDirectory)WasmSection.cpp" />
    <ClCompile Include="$(MSBuildThisFileDirectory)WasmSignature.cpp" />
    <ClCompile Include="$(MSBuildThisFileDirectory)WasmReaderPch.cpp" />
    <ClCompile Include="$(MSBuildThisFileDirectory)WasmGlobal.cpp" />
    <ClCompile Include="$(MSBuildThisFileDirectory)WasmCustomReader.cpp" />
  </ItemGroup>
</Project>