<?xml version="1.0" encoding="utf-8"?>
<Project ToolsVersion="4.0" xmlns="http://schemas.microsoft.com/developer/msbuild/2003">
  <ItemGroup>
    <Filter Include="Source Files">
      <UniqueIdentifier>{4FC737F1-C7A5-4376-A066-2A32D752A2FF}</UniqueIdentifier>
      <Extensions>cpp;c;cc;cxx;def;odl;idl;hpj;bat;asm;asmx</Extensions>
    </Filter>
    <Filter Include="Header Files">
      <UniqueIdentifier>{93995380-89BD-4b04-88EB-625FBE52EBFB}</UniqueIdentifier>
      <Extensions>h;hh;hpp;hxx;hm;inl;inc;xsd</Extensions>
    </Filter>
    <Filter Include="Resource Files">
      <UniqueIdentifier>{67DA6AB6-F800-4c08-8B7A-83BB121AAD01}</UniqueIdentifier>
      <Extensions>rc;ico;cur;bmp;dlg;rc2;rct;bin;rgs;gif;jpg;jpeg;jpe;resx;tiff;tif;png;wav;mfcribbon-ms</Extensions>
    </Filter>
  </ItemGroup>
  <ItemGroup>
    <ClInclude Include="inc\rt\guiddef.h">
      <Filter>Header Files</Filter>
    </ClInclude>
    <ClInclude Include="inc\rt\initguid.h">
      <Filter>Header Files</Filter>
    </ClInclude>
    <ClInclude Include="inc\rt\intsafe.h">
      <Filter>Header Files</Filter>
    </ClInclude>
    <ClInclude Include="inc\rt\no_sal2.h">
      <Filter>Header Files</Filter>
    </ClInclude>
    <ClInclude Include="inc\rt\ntimage.h">
      <Filter>Header Files</Filter>
    </ClInclude>
    <ClInclude Include="inc\rt\oaidl.h">
      <Filter>Header Files</Filter>
    </ClInclude>
    <ClInclude Include="inc\rt\palrt.h">
      <Filter>Header Files</Filter>
    </ClInclude>
    <ClInclude Include="inc\rt\poppack.h">
      <Filter>Header Files</Filter>
    </ClInclude>
    <ClInclude Include="inc\rt\pshpack2.h">
      <Filter>Header Files</Filter>
    </ClInclude>
    <ClInclude Include="inc\rt\pshpack4.h">
      <Filter>Header Files</Filter>
    </ClInclude>
    <ClInclude Include="inc\rt\pshpack8.h">
      <Filter>Header Files</Filter>
    </ClInclude>
    <ClInclude Include="inc\rt\rpc.h">
      <Filter>Header Files</Filter>
    </ClInclude>
    <ClInclude Include="inc\rt\rpcndr.h">
      <Filter>Header Files</Filter>
    </ClInclude>
    <ClInclude Include="inc\rt\safecrt.h">
      <Filter>Header Files</Filter>
    </ClInclude>
    <ClInclude Include="inc\rt\sal.h">
      <Filter>Header Files</Filter>
    </ClInclude>
    <ClInclude Include="inc\rt\specstrings.h">
      <Filter>Header Files</Filter>
    </ClInclude>
    <ClInclude Include="inc\rt\specstrings_strict.h">
      <Filter>Header Files</Filter>
    </ClInclude>
    <ClInclude Include="inc\rt\unknwn.h">
      <Filter>Header Files</Filter>
    </ClInclude>
    <ClInclude Include="inc\rt\VersionHelpers.h">
      <Filter>Header Files</Filter>
    </ClInclude>
    <ClInclude Include="inc\rt\wincrypt.h">
      <Filter>Header Files</Filter>
    </ClInclude>
    <ClInclude Include="inc\debugmacrosext.h">
      <Filter>Header Files</Filter>
    </ClInclude>
    <ClInclude Include="inc\mbusafecrt.h">
      <Filter>Header Files</Filter>
    </ClInclude>
    <ClInclude Include="inc\pal.h">
      <Filter>Header Files</Filter>
    </ClInclude>
    <ClInclude Include="inc\pal_assert.h">
      <Filter>Header Files</Filter>
    </ClInclude>
    <ClInclude Include="inc\pal_endian.h">
      <Filter>Header Files</Filter>
    </ClInclude>
    <ClInclude Include="inc\pal_error.h">
      <Filter>Header Files</Filter>
    </ClInclude>
    <ClInclude Include="inc\pal_mstypes.h">
      <Filter>Header Files</Filter>
    </ClInclude>
    <ClInclude Include="inc\pal_safecrt.h">
      <Filter>Header Files</Filter>
    </ClInclude>
    <ClInclude Include="inc\pal_unwind.h">
      <Filter>Header Files</Filter>
    </ClInclude>
    <ClInclude Include="inc\safemath.h">
      <Filter>Header Files</Filter>
    </ClInclude>
    <ClInclude Include="inc\strsafe.h">
      <Filter>Header Files</Filter>
    </ClInclude>
    <ClInclude Include="inc\volatile.h">
      <Filter>Header Files</Filter>
    </ClInclude>
    <ClInclude Include="src\arch\i386\asmconstants.h">
      <Filter>Header Files</Filter>
    </ClInclude>
    <ClInclude Include="src\exception\machexception.h">
      <Filter>Header Files</Filter>
    </ClInclude>
    <ClInclude Include="src\exception\machmessage.h">
      <Filter>Header Files</Filter>
    </ClInclude>
    <ClInclude Include="src\exception\signal.hpp">
      <Filter>Header Files</Filter>
    </ClInclude>
    <ClInclude Include="src\file\shmfilelockmgr.hpp">
      <Filter>Header Files</Filter>
    </ClInclude>
    <ClInclude Include="src\include\pal\context.h">
      <Filter>Header Files</Filter>
    </ClInclude>
    <ClInclude Include="src\include\pal\corunix.hpp">
      <Filter>Header Files</Filter>
    </ClInclude>
    <ClInclude Include="src\include\pal\critsect.h">
      <Filter>Header Files</Filter>
    </ClInclude>
    <ClInclude Include="src\include\pal\cruntime.h">
      <Filter>Header Files</Filter>
    </ClInclude>
    <ClInclude Include="src\include\pal\cs.hpp">
      <Filter>Header Files</Filter>
    </ClInclude>
    <ClInclude Include="src\include\pal\dbgmsg.h">
      <Filter>Header Files</Filter>
    </ClInclude>
    <ClInclude Include="src\include\pal\debug.h">
      <Filter>Header Files</Filter>
    </ClInclude>
    <ClInclude Include="src\include\pal\event.hpp">
      <Filter>Header Files</Filter>
    </ClInclude>
    <ClInclude Include="src\include\pal\file.h">
      <Filter>Header Files</Filter>
    </ClInclude>
    <ClInclude Include="src\include\pal\file.hpp">
      <Filter>Header Files</Filter>
    </ClInclude>
    <ClInclude Include="src\include\pal\filetime.h">
      <Filter>Header Files</Filter>
    </ClInclude>
    <ClInclude Include="src\include\pal\handleapi.hpp">
      <Filter>Header Files</Filter>
    </ClInclude>
    <ClInclude Include="src\include\pal\handlemgr.hpp">
      <Filter>Header Files</Filter>
    </ClInclude>
    <ClInclude Include="src\include\pal\init.h">
      <Filter>Header Files</Filter>
    </ClInclude>
    <ClInclude Include="src\include\pal\list.h">
      <Filter>Header Files</Filter>
    </ClInclude>
    <ClInclude Include="src\include\pal\locale.h">
      <Filter>Header Files</Filter>
    </ClInclude>
    <ClInclude Include="src\include\pal\malloc.hpp">
      <Filter>Header Files</Filter>
    </ClInclude>
    <ClInclude Include="src\include\pal\map.h">
      <Filter>Header Files</Filter>
    </ClInclude>
    <ClInclude Include="src\include\pal\map.hpp">
      <Filter>Header Files</Filter>
    </ClInclude>
    <ClInclude Include="src\include\pal\misc.h">
      <Filter>Header Files</Filter>
    </ClInclude>
    <ClInclude Include="src\include\pal\module.h">
      <Filter>Header Files</Filter>
    </ClInclude>
    <ClInclude Include="src\include\pal\modulename.h">
      <Filter>Header Files</Filter>
    </ClInclude>
    <ClInclude Include="src\include\pal\mutex.hpp">
      <Filter>Header Files</Filter>
    </ClInclude>
    <ClInclude Include="src\include\pal\palinternal.h">
      <Filter>Header Files</Filter>
    </ClInclude>
    <ClInclude Include="src\include\pal\perftrace.h">
      <Filter>Header Files</Filter>
    </ClInclude>
    <ClInclude Include="src\include\pal\printfcpp.hpp">
      <Filter>Header Files</Filter>
    </ClInclude>
    <ClInclude Include="src\include\pal\process.h">
      <Filter>Header Files</Filter>
    </ClInclude>
    <ClInclude Include="src\include\pal\procobj.hpp">
      <Filter>Header Files</Filter>
    </ClInclude>
    <ClInclude Include="src\include\pal\seh.hpp">
      <Filter>Header Files</Filter>
    </ClInclude>
    <ClInclude Include="src\include\pal\shm.hpp">
      <Filter>Header Files</Filter>
    </ClInclude>
    <ClInclude Include="src\include\pal\shmemory.h">
      <Filter>Header Files</Filter>
    </ClInclude>
    <ClInclude Include="src\include\pal\stackstring.hpp">
      <Filter>Header Files</Filter>
    </ClInclude>
    <ClInclude Include="src\include\pal\synchcache.hpp">
      <Filter>Header Files</Filter>
    </ClInclude>
    <ClInclude Include="src\include\pal\synchobjects.hpp">
      <Filter>Header Files</Filter>
    </ClInclude>
    <ClInclude Include="src\include\pal\thread.hpp">
      <Filter>Header Files</Filter>
    </ClInclude>
    <ClInclude Include="src\include\pal\threadinfo.hpp">
      <Filter>Header Files</Filter>
    </ClInclude>
    <ClInclude Include="src\include\pal\threadsusp.hpp">
      <Filter>Header Files</Filter>
    </ClInclude>
    <ClInclude Include="src\include\pal\unicode_data.h">
      <Filter>Header Files</Filter>
    </ClInclude>
    <ClInclude Include="src\include\pal\utf8.h">
      <Filter>Header Files</Filter>
    </ClInclude>
    <ClInclude Include="src\include\pal\utils.h">
      <Filter>Header Files</Filter>
    </ClInclude>
    <ClInclude Include="src\include\pal\virtual.h">
      <Filter>Header Files</Filter>
    </ClInclude>
    <ClInclude Include="src\map\common.h">
      <Filter>Header Files</Filter>
    </ClInclude>
    <ClInclude Include="src\objmgr\palobjbase.hpp">
      <Filter>Header Files</Filter>
    </ClInclude>
    <ClInclude Include="src\objmgr\shmobject.hpp">
      <Filter>Header Files</Filter>
    </ClInclude>
    <ClInclude Include="src\objmgr\shmobjectmanager.hpp">
      <Filter>Header Files</Filter>
    </ClInclude>
    <ClInclude Include="src\safecrt\cruntime.h">
      <Filter>Header Files</Filter>
    </ClInclude>
    <ClInclude Include="src\safecrt\internal.h">
      <Filter>Header Files</Filter>
    </ClInclude>
    <ClInclude Include="src\safecrt\internal_securecrt.h">
      <Filter>Header Files</Filter>
    </ClInclude>
    <ClInclude Include="src\safecrt\mbusafecrt_internal.h">
      <Filter>Header Files</Filter>
    </ClInclude>
    <ClInclude Include="src\synchmgr\synchmanager.hpp">
      <Filter>Header Files</Filter>
    </ClInclude>
    <ClInclude Include="src\thread\procprivate.hpp">
      <Filter>Header Files</Filter>
    </ClInclude>
  </ItemGroup>
  <ItemGroup>
    <None Include="inc\unixasmmacros.inc">
      <Filter>Header Files</Filter>
    </None>
    <None Include="inc\unixasmmacrosamd64.inc">
      <Filter>Header Files</Filter>
    </None>
    <None Include="src\include\pal\corunix.inl">
      <Filter>Header Files</Filter>
    </None>
    <None Include="src\safecrt\input.inl">
      <Filter>Header Files</Filter>
    </None>
    <None Include="src\safecrt\output.inl">
      <Filter>Header Files</Filter>
    </None>
    <None Include="src\safecrt\tcscat_s.inl">
      <Filter>Header Files</Filter>
    </None>
    <None Include="src\safecrt\tcscpy_s.inl">
      <Filter>Header Files</Filter>
    </None>
    <None Include="src\safecrt\tcsncat_s.inl">
      <Filter>Header Files</Filter>
    </None>
    <None Include="src\safecrt\tcsncpy_s.inl">
      <Filter>Header Files</Filter>
    </None>
    <None Include="src\safecrt\tcstok_s.inl">
      <Filter>Header Files</Filter>
    </None>
    <None Include="src\safecrt\tmakepath_s.inl">
      <Filter>Header Files</Filter>
    </None>
    <None Include="src\safecrt\xtox_s.inl">
      <Filter>Header Files</Filter>
    </None>
  </ItemGroup>
  <ItemGroup>
    <ClCompile Include="src\arch\i386\processor.cpp">
      <Filter>Source Files</Filter>
    </ClCompile>
    <ClCompile Include="src\cruntime\file.cpp">
      <Filter>Source Files</Filter>
    </ClCompile>
    <ClCompile Include="src\cruntime\filecrt.cpp">
      <Filter>Source Files</Filter>
    </ClCompile>
    <ClCompile Include="src\cruntime\finite.cpp">
      <Filter>Source Files</Filter>
    </ClCompile>
    <ClCompile Include="src\cruntime\lstr.cpp">
      <Filter>Source Files</Filter>
    </ClCompile>
    <ClCompile Include="src\cruntime\malloc.cpp">
      <Filter>Source Files</Filter>
    </ClCompile>
    <ClCompile Include="src\cruntime\mbstring.cpp">
      <Filter>Source Files</Filter>
    </ClCompile>
    <ClCompile Include="src\cruntime\misc.cpp">
      <Filter>Source Files</Filter>
    </ClCompile>
    <ClCompile Include="src\cruntime\misctls.cpp">
      <Filter>Source Files</Filter>
    </ClCompile>
    <ClCompile Include="src\cruntime\path.cpp">
      <Filter>Source Files</Filter>
    </ClCompile>
    <ClCompile Include="src\cruntime\printf.cpp">
      <Filter>Source Files</Filter>
    </ClCompile>
    <ClCompile Include="src\cruntime\printfcpp.cpp">
      <Filter>Source Files</Filter>
    </ClCompile>
    <ClCompile Include="src\cruntime\silent_printf.cpp">
      <Filter>Source Files</Filter>
    </ClCompile>
    <ClCompile Include="src\cruntime\string.cpp">
      <Filter>Source Files</Filter>
    </ClCompile>
    <ClCompile Include="src\cruntime\stringtls.cpp">
      <Filter>Source Files</Filter>
    </ClCompile>
    <ClCompile Include="src\cruntime\thread.cpp">
      <Filter>Source Files</Filter>
    </ClCompile>
    <ClCompile Include="src\cruntime\wchar.cpp">
      <Filter>Source Files</Filter>
    </ClCompile>
    <ClCompile Include="src\cruntime\wchartls.cpp">
      <Filter>Source Files</Filter>
    </ClCompile>
    <ClCompile Include="src\debug\debug.cpp">
      <Filter>Source Files</Filter>
    </ClCompile>
    <ClCompile Include="src\exception\machexception.cpp">
      <Filter>Source Files</Filter>
    </ClCompile>
    <ClCompile Include="src\exception\machmessage.cpp">
      <Filter>Source Files</Filter>
    </ClCompile>
    <ClCompile Include="src\exception\seh.cpp">
      <Filter>Source Files</Filter>
    </ClCompile>
    <ClCompile Include="src\exception\seh-unwind.cpp">
      <Filter>Source Files</Filter>
    </ClCompile>
    <ClCompile Include="src\exception\signal.cpp">
      <Filter>Source Files</Filter>
    </ClCompile>
    <ClCompile Include="src\file\directory.cpp">
      <Filter>Source Files</Filter>
    </ClCompile>
    <ClCompile Include="src\file\filetime.cpp">
      <Filter>Source Files</Filter>
    </ClCompile>
    <ClCompile Include="src\file\pal_file.cpp">
      <Filter>Source Files</Filter>
    </ClCompile>
    <ClCompile Include="src\file\pal_path.cpp">
      <Filter>Source Files</Filter>
    </ClCompile>
    <ClCompile Include="src\file\shmfilelockmgr.cpp">
      <Filter>Source Files</Filter>
    </ClCompile>
    <ClCompile Include="src\handlemgr\handleapi.cpp">
      <Filter>Source Files</Filter>
    </ClCompile>
    <ClCompile Include="src\handlemgr\handlemgr.cpp">
      <Filter>Source Files</Filter>
    </ClCompile>
    <ClCompile Include="src\init\pal.cpp">
      <Filter>Source Files</Filter>
    </ClCompile>
    <ClCompile Include="src\init\sxs.cpp">
      <Filter>Source Files</Filter>
    </ClCompile>
    <ClCompile Include="src\loader\module.cpp">
      <Filter>Source Files</Filter>
    </ClCompile>
    <ClCompile Include="src\loader\modulename.cpp">
      <Filter>Source Files</Filter>
    </ClCompile>
    <ClCompile Include="src\locale\unicode.cpp">
      <Filter>Source Files</Filter>
    </ClCompile>
    <ClCompile Include="src\locale\unicode_data.cpp">
      <Filter>Source Files</Filter>
    </ClCompile>
    <ClCompile Include="src\locale\utf8.cpp">
      <Filter>Source Files</Filter>
    </ClCompile>
    <ClCompile Include="src\map\common.cpp">
      <Filter>Source Files</Filter>
    </ClCompile>
    <ClCompile Include="src\map\map.cpp">
      <Filter>Source Files</Filter>
    </ClCompile>
    <ClCompile Include="src\map\virtual.cpp">
      <Filter>Source Files</Filter>
    </ClCompile>
    <ClCompile Include="src\memory\heap.cpp">
      <Filter>Source Files</Filter>
    </ClCompile>
    <ClCompile Include="src\memory\local.cpp">
      <Filter>Source Files</Filter>
    </ClCompile>
    <ClCompile Include="src\misc\bstr.cpp">
      <Filter>Source Files</Filter>
    </ClCompile>
    <ClCompile Include="src\misc\dbgmsg.cpp">
      <Filter>Source Files</Filter>
    </ClCompile>
    <ClCompile Include="src\misc\environ.cpp">
      <Filter>Source Files</Filter>
    </ClCompile>
    <ClCompile Include="src\misc\error.cpp">
      <Filter>Source Files</Filter>
    </ClCompile>
    <ClCompile Include="src\misc\random.cpp">
      <Filter>Source Files</Filter>
    </ClCompile>
    <ClCompile Include="src\misc\strutil.cpp">
      <Filter>Source Files</Filter>
    </ClCompile>
    <ClCompile Include="src\misc\sysinfo.cpp">
      <Filter>Source Files</Filter>
    </ClCompile>
    <ClCompile Include="src\misc\time.cpp">
      <Filter>Source Files</Filter>
    </ClCompile>
    <ClCompile Include="src\misc\utils.cpp">
      <Filter>Source Files</Filter>
    </ClCompile>
    <ClCompile Include="src\objmgr\palobjbase.cpp">
      <Filter>Source Files</Filter>
    </ClCompile>
    <ClCompile Include="src\objmgr\shmobject.cpp">
      <Filter>Source Files</Filter>
    </ClCompile>
    <ClCompile Include="src\objmgr\shmobjectmanager.cpp">
      <Filter>Source Files</Filter>
    </ClCompile>
    <ClCompile Include="src\safecrt\makepath_s.c">
      <Filter>Source Files</Filter>
    </ClCompile>
    <ClCompile Include="src\safecrt\mbusafecrt.c">
      <Filter>Source Files</Filter>
    </ClCompile>
    <ClCompile Include="src\safecrt\memcpy_s.c">
      <Filter>Source Files</Filter>
    </ClCompile>
    <ClCompile Include="src\safecrt\memmove_s.c">
      <Filter>Source Files</Filter>
    </ClCompile>
    <ClCompile Include="src\safecrt\safecrt_input_s.c">
      <Filter>Source Files</Filter>
    </ClCompile>
    <ClCompile Include="src\safecrt\safecrt_output_s.c">
      <Filter>Source Files</Filter>
    </ClCompile>
    <ClCompile Include="src\safecrt\safecrt_winput_s.c">
      <Filter>Source Files</Filter>
    </ClCompile>
    <ClCompile Include="src\safecrt\safecrt_woutput_s.c">
      <Filter>Source Files</Filter>
    </ClCompile>
    <ClCompile Include="src\safecrt\sprintf.c">
      <Filter>Source Files</Filter>
    </ClCompile>
    <ClCompile Include="src\safecrt\sscanf.c">
      <Filter>Source Files</Filter>
    </ClCompile>
    <ClCompile Include="src\safecrt\strcat_s.c">
      <Filter>Source Files</Filter>
    </ClCompile>
    <ClCompile Include="src\safecrt\strcpy_s.c">
      <Filter>Source Files</Filter>
    </ClCompile>
    <ClCompile Include="src\safecrt\strlen_s.c">
      <Filter>Source Files</Filter>
    </ClCompile>
    <ClCompile Include="src\safecrt\strncat_s.c">
      <Filter>Source Files</Filter>
    </ClCompile>
    <ClCompile Include="src\safecrt\strncpy_s.c">
      <Filter>Source Files</Filter>
    </ClCompile>
    <ClCompile Include="src\safecrt\swprintf.c">
      <Filter>Source Files</Filter>
    </ClCompile>
    <ClCompile Include="src\safecrt\vsprintf.c">
      <Filter>Source Files</Filter>
    </ClCompile>
    <ClCompile Include="src\safecrt\vswprint.c">
      <Filter>Source Files</Filter>
    </ClCompile>
    <ClCompile Include="src\safecrt\wcscat_s.c">
      <Filter>Source Files</Filter>
    </ClCompile>
    <ClCompile Include="src\safecrt\wcscpy_s.c">
      <Filter>Source Files</Filter>
    </ClCompile>
    <ClCompile Include="src\safecrt\wcslen_s.c">
      <Filter>Source Files</Filter>
    </ClCompile>
    <ClCompile Include="src\safecrt\wcsncat_s.c">
      <Filter>Source Files</Filter>
    </ClCompile>
    <ClCompile Include="src\safecrt\wcsncpy_s.c">
      <Filter>Source Files</Filter>
    </ClCompile>
    <ClCompile Include="src\safecrt\wcstok_s.c">
      <Filter>Source Files</Filter>
    </ClCompile>
    <ClCompile Include="src\safecrt\xtoa_s.c">
      <Filter>Source Files</Filter>
    </ClCompile>
    <ClCompile Include="src\safecrt\xtow_s.c">
      <Filter>Source Files</Filter>
    </ClCompile>
    <ClCompile Include="src\shmemory\shmemory.cpp">
      <Filter>Source Files</Filter>
    </ClCompile>
    <ClCompile Include="src\sync\cs.cpp">
      <Filter>Source Files</Filter>
    </ClCompile>
    <ClCompile Include="src\synchmgr\synchcontrollers.cpp">
      <Filter>Source Files</Filter>
    </ClCompile>
    <ClCompile Include="src\synchmgr\synchmanager.cpp">
      <Filter>Source Files</Filter>
    </ClCompile>
    <ClCompile Include="src\synchmgr\wait.cpp">
      <Filter>Source Files</Filter>
    </ClCompile>
    <ClCompile Include="src\synchobj\event.cpp">
      <Filter>Source Files</Filter>
    </ClCompile>
    <ClCompile Include="src\synchobj\mutex.cpp">
      <Filter>Source Files</Filter>
    </ClCompile>
    <ClCompile Include="src\thread\context.cpp">
      <Filter>Source Files</Filter>
    </ClCompile>
    <ClCompile Include="src\thread\pal_thread.cpp">
      <Filter>Source Files</Filter>
    </ClCompile>
    <ClCompile Include="src\thread\process.cpp">
      <Filter>Source Files</Filter>
    </ClCompile>
    <ClCompile Include="src\thread\threadsusp.cpp">
      <Filter>Source Files</Filter>
    </ClCompile>
  </ItemGroup>
</Project>