<?xml version="1.0" encoding="utf-8"?>
<Project ToolsVersion="4.0" xmlns="http://schemas.microsoft.com/developer/msbuild/2003">
  <ItemGroup>
    <ClCompile Include="$(MsBuildThisFileDirectory)DebugContext.cpp" />
    <ClCompile Include="$(MsBuildThisFileDirectory)BreakpointProbe.cpp" />
    <ClCompile Include="$(MsBuildThisFileDirectory)DebugDocument.cpp" />
    <ClCompile Include="$(MsBuildThisFileDirectory)DebuggingFlags.cpp" />
    <ClCompile Include="$(MsBuildThisFileDirectory)DebugManager.cpp" />
    <ClCompile Include="$(MsBuildThisFileDirectory)DiagObjectModel.cpp" />
    <ClCompile Include="$(MsBuildThisFileDirectory)DiagProbe.cpp" />
    <ClCompile Include="$(MsBuildThisFileDirectory)DiagStackFrame.cpp" />
    <ClCompile Include="$(MsBuildThisFileDirectory)MutationBreakpoint.cpp" />
    <ClCompile Include="$(MsBuildThisFileDirectory)ProbeContainer.cpp" />
    <ClCompile Include="$(MsBuildThisFileDirectory)SourceContextInfo.cpp" />
    <ClCompile Include="$(MSBuildThisFileDirectory)DiagHelperMethodWrapper.cpp" />
    <ClCompile Include="$(MSBuildThisFileDirectory)RuntimeDebugPch.cpp" />
    <ClCompile Include="$(MSBuildThisFileDirectory)TTActionEvents.cpp" />
    <ClCompile Include="$(MSBuildThisFileDirectory)TTEventLog.cpp" />
    <ClCompile Include="$(MSBuildThisFileDirectory)TTEvents.cpp" />
    <ClCompile Include="$(MSBuildThisFileDirectory)TTInflateMap.cpp" />
    <ClCompile Include="$(MSBuildThisFileDirectory)TTRuntmeInfoTracker.cpp" />
    <ClCompile Include="$(MSBuildThisFileDirectory)TTSerialize.cpp" />
    <ClCompile Include="$(MSBuildThisFileDirectory)TTSnapObjects.cpp" />
    <ClCompile Include="$(MSBuildThisFileDirectory)TTSnapshot.cpp" />
    <ClCompile Include="$(MSBuildThisFileDirectory)TTSnapshotExtractor.cpp" />
    <ClCompile Include="$(MSBuildThisFileDirectory)TTSnapTypes.cpp" />
    <ClCompile Include="$(MSBuildThisFileDirectory)TTSnapValues.cpp" />
    <ClCompile Include="$(MSBuildThisFileDirectory)TTSupport.cpp" />
    <ClCompile Include="TTExecutionInfo.cpp" />
  </ItemGroup>
  <ItemGroup>
    <ClInclude Include="DebugContext.h" />
    <ClInclude Include="BreakpointProbe.h" />
    <ClInclude Include="DebugDocument.h" />
    <ClInclude Include="DebuggingFlags.h" />
    <ClInclude Include="DebugManager.h" />
    <ClInclude Include="DiagObjectModel.h" />
    <ClInclude Include="DiagProbe.h" />
    <ClInclude Include="DiagStackFrame.h" />
    <ClInclude Include="MutationBreakpoint.h" />
    <ClInclude Include="ProbeContainer.h" />
    <ClInclude Include="SourceContextInfo.h" />
    <ClInclude Include="DiagHelperMethodWrapper.h" />
    <ClInclude Include="RuntimeDebugPch.h" />
    <ClInclude Include="TTSupport.h" />
    <ClInclude Include="TTInflateMap.h" />
    <ClInclude Include="TTRuntimeInfoTracker.h" />
    <ClInclude Include="TTSerialize.h" />
    <ClInclude Include="TTSerializeEnum.h" />
    <ClInclude Include="TTSnapValues.h" />
    <ClInclude Include="TTSnapTypes.h" />
    <ClInclude Include="TTSnapObjects.h" />
    <ClInclude Include="TTSnapshot.h" />
    <ClInclude Include="TTSnapshotExtractor.h" />
    <ClInclude Include="TTEvents.h" />
    <ClInclude Include="TTActionEvents.h" />
    <ClInclude Include="TTEventLog.h" />
    <ClInclude Include="TTExecutionInfo.h" />
  </ItemGroup>
</Project>